
Microsoft Visual Studio Solution File, Format Version 12.00
# Visual Studio Version 16
VisualStudioVersion = 16.0.29728.190
MinimumVisualStudioVersion = 10.0.40219.1
Project("{FAE04EC0-301F-11D3-BF4B-00C04F79EFBC}") = "DiagramBuilder.Net", "DiagramBuilder.Net\DiagramBuilder.Net.csproj", "{2132ED85-3855-4D06-B915-C68F21791ECB}"
EndProject
Global
	GlobalSection(SolutionConfigurationPlatforms) = preSolution
		Debug|Any CPU = Debug|Any CPU
		Release|Any CPU = Release|Any CPU
	EndGlobalSection
	GlobalSection(ProjectConfigurationPlatforms) = postSolution
		{2132ED85-3855-4D06-B915-C68F21791ECB}.Debug|Any CPU.ActiveCfg = Debug|Any CPU
		{2132ED85-3855-4D06-B915-C68F21791ECB}.Debug|Any CPU.Build.0 = Debug|Any CPU
		{2132ED85-3855-4D06-B915-C68F21791ECB}.Release|Any CPU.ActiveCfg = Release|Any CPU
		{2132ED85-3855-4D06-B915-C68F21791ECB}.Release|Any CPU.Build.0 = Release|Any CPU
	EndGlobalSection
	GlobalSection(SolutionProperties) = preSolution
		HideSolutionNode = FALSE
	EndGlobalSection
	GlobalSection(ExtensibilityGlobals) = postSolution
		SolutionGuid = {6BEDA259-A0CC-44B4-ADB3-D0AD45E497CD}
	EndGlobalSection
EndGlobal
