
Microsoft Visual Studio Solution File, Format Version 12.00
# Visual Studio Version 16
VisualStudioVersion = 16.0.29728.190
MinimumVisualStudioVersion = 10.0.40219.1
Project("{FAE04EC0-301F-11D3-BF4B-00C04F79EFBC}") = "DiagramBuilder.Net", "DiagramBuilder.Net\DiagramBuilder.Net.csproj", "{3D387BC1-B281-4912-9819-7FAAA5BA8945}"
	ProjectSection(ProjectDependencies) = postProject
		{08F5236A-8496-49C9-88F6-9BD15B83B9C4} = {08F5236A-8496-49C9-88F6-9BD15B83B9C4}
	EndProjectSection
EndProject
Project("{FAE04EC0-301F-11D3-BF4B-00C04F79EFBC}") = "fen2img", "fen2img\fen2img.csproj", "{A447F9A7-C622-4A1F-95E5-6A4EAA6788D0}"
	ProjectSection(ProjectDependencies) = postProject
		{08F5236A-8496-49C9-88F6-9BD15B83B9C4} = {08F5236A-8496-49C9-88F6-9BD15B83B9C4}
	EndProjectSection
EndProject
Project("{FAE04EC0-301F-11D3-BF4B-00C04F79EFBC}") = "ChessFonts", "ChessFonts\ChessFonts.csproj", "{08F5236A-8496-49C9-88F6-9BD15B83B9C4}"
EndProject
Project("{FAE04EC0-301F-11D3-BF4B-00C04F79EFBC}") = "ChessFontsTests", "ChessFontsTests\ChessFontsTests.csproj", "{D0F3C714-760C-475F-AB24-1CE52E0BC588}"
EndProject
Project("{FAE04EC0-301F-11D3-BF4B-00C04F79EFBC}") = "ChessBoard", "ChessBoard\ChessBoard.csproj", "{F6164D98-B6B2-4AF4-AD56-92A5271A1D60}"
EndProject
Global
	GlobalSection(SolutionConfigurationPlatforms) = preSolution
		Debug|Any CPU = Debug|Any CPU
		Release|Any CPU = Release|Any CPU
	EndGlobalSection
	GlobalSection(ProjectConfigurationPlatforms) = postSolution
		{3D387BC1-B281-4912-9819-7FAAA5BA8945}.Debug|Any CPU.ActiveCfg = Debug|Any CPU
		{3D387BC1-B281-4912-9819-7FAAA5BA8945}.Debug|Any CPU.Build.0 = Debug|Any CPU
		{3D387BC1-B281-4912-9819-7FAAA5BA8945}.Release|Any CPU.ActiveCfg = Release|Any CPU
		{3D387BC1-B281-4912-9819-7FAAA5BA8945}.Release|Any CPU.Build.0 = Release|Any CPU
		{A447F9A7-C622-4A1F-95E5-6A4EAA6788D0}.Debug|Any CPU.ActiveCfg = Debug|Any CPU
		{A447F9A7-C622-4A1F-95E5-6A4EAA6788D0}.Debug|Any CPU.Build.0 = Debug|Any CPU
		{A447F9A7-C622-4A1F-95E5-6A4EAA6788D0}.Release|Any CPU.ActiveCfg = Release|Any CPU
		{A447F9A7-C622-4A1F-95E5-6A4EAA6788D0}.Release|Any CPU.Build.0 = Release|Any CPU
		{08F5236A-8496-49C9-88F6-9BD15B83B9C4}.Debug|Any CPU.ActiveCfg = Debug|Any CPU
		{08F5236A-8496-49C9-88F6-9BD15B83B9C4}.Debug|Any CPU.Build.0 = Debug|Any CPU
		{08F5236A-8496-49C9-88F6-9BD15B83B9C4}.Release|Any CPU.ActiveCfg = Release|Any CPU
		{08F5236A-8496-49C9-88F6-9BD15B83B9C4}.Release|Any CPU.Build.0 = Release|Any CPU
		{D0F3C714-760C-475F-AB24-1CE52E0BC588}.Debug|Any CPU.ActiveCfg = Debug|Any CPU
		{D0F3C714-760C-475F-AB24-1CE52E0BC588}.Debug|Any CPU.Build.0 = Debug|Any CPU
		{D0F3C714-760C-475F-AB24-1CE52E0BC588}.Release|Any CPU.ActiveCfg = Release|Any CPU
		{D0F3C714-760C-475F-AB24-1CE52E0BC588}.Release|Any CPU.Build.0 = Release|Any CPU
		{F6164D98-B6B2-4AF4-AD56-92A5271A1D60}.Debug|Any CPU.ActiveCfg = Debug|Any CPU
		{F6164D98-B6B2-4AF4-AD56-92A5271A1D60}.Debug|Any CPU.Build.0 = Debug|Any CPU
		{F6164D98-B6B2-4AF4-AD56-92A5271A1D60}.Release|Any CPU.ActiveCfg = Release|Any CPU
		{F6164D98-B6B2-4AF4-AD56-92A5271A1D60}.Release|Any CPU.Build.0 = Release|Any CPU
	EndGlobalSection
	GlobalSection(SolutionProperties) = preSolution
		HideSolutionNode = FALSE
	EndGlobalSection
	GlobalSection(ExtensibilityGlobals) = postSolution
		SolutionGuid = {6BEDA259-A0CC-44B4-ADB3-D0AD45E497CD}
	EndGlobalSection
EndGlobal
